
Microsoft Visual Studio Solution File, Format Version 12.00
# Visual Studio Version 17
VisualStudioVersion = 17.0.32112.339
MinimumVisualStudioVersion = 10.0.40219.1
Project("{FAE04EC0-301F-11D3-BF4B-00C04F79EFBC}") = "bilincli_tur_donusumu_sakincalari", "bilincli_tur_donusumu_sakincalari\bilincli_tur_donusumu_sakincalari.csproj", "{4382F002-7853-43B9-B9F5-8957382A9461}"
EndProject
Global
	GlobalSection(SolutionConfigurationPlatforms) = preSolution
		Debug|Any CPU = Debug|Any CPU
		Release|Any CPU = Release|Any CPU
	EndGlobalSection
	GlobalSection(ProjectConfigurationPlatforms) = postSolution
		{4382F002-7853-43B9-B9F5-8957382A9461}.Debug|Any CPU.ActiveCfg = Debug|Any CPU
		{4382F002-7853-43B9-B9F5-8957382A9461}.Debug|Any CPU.Build.0 = Debug|Any CPU
		{4382F002-7853-43B9-B9F5-8957382A9461}.Release|Any CPU.ActiveCfg = Release|Any CPU
		{4382F002-7853-43B9-B9F5-8957382A9461}.Release|Any CPU.Build.0 = Release|Any CPU
	EndGlobalSection
	GlobalSection(SolutionProperties) = preSolution
		HideSolutionNode = FALSE
	EndGlobalSection
	GlobalSection(ExtensibilityGlobals) = postSolution
		SolutionGuid = {747D2023-9967-44D3-AD63-39D25CE6B742}
	EndGlobalSection
EndGlobal
