
Microsoft Visual Studio Solution File, Format Version 12.00
# Visual Studio Version 17
VisualStudioVersion = 17.1.32228.430
MinimumVisualStudioVersion = 10.0.40219.1
Project("{FAE04EC0-301F-11D3-BF4B-00C04F79EFBC}") = "13_max_min_sayi", "13_max_min_sayi\13_max_min_sayi.csproj", "{0C5EB309-0CE1-46B3-BBA1-8C541AD3BB2E}"
EndProject
Global
	GlobalSection(SolutionConfigurationPlatforms) = preSolution
		Debug|Any CPU = Debug|Any CPU
		Release|Any CPU = Release|Any CPU
	EndGlobalSection
	GlobalSection(ProjectConfigurationPlatforms) = postSolution
		{0C5EB309-0CE1-46B3-BBA1-8C541AD3BB2E}.Debug|Any CPU.ActiveCfg = Debug|Any CPU
		{0C5EB309-0CE1-46B3-BBA1-8C541AD3BB2E}.Debug|Any CPU.Build.0 = Debug|Any CPU
		{0C5EB309-0CE1-46B3-BBA1-8C541AD3BB2E}.Release|Any CPU.ActiveCfg = Release|Any CPU
		{0C5EB309-0CE1-46B3-BBA1-8C541AD3BB2E}.Release|Any CPU.Build.0 = Release|Any CPU
	EndGlobalSection
	GlobalSection(SolutionProperties) = preSolution
		HideSolutionNode = FALSE
	EndGlobalSection
	GlobalSection(ExtensibilityGlobals) = postSolution
		SolutionGuid = {CB9B2B9B-B968-4C5A-8336-6D1F4314ED42}
	EndGlobalSection
EndGlobal
