
Microsoft Visual Studio Solution File, Format Version 12.00
# Visual Studio Version 17
VisualStudioVersion = 17.1.32228.430
MinimumVisualStudioVersion = 10.0.40219.1
Project("{FAE04EC0-301F-11D3-BF4B-00C04F79EFBC}") = "17_sayac_degeri_kaydetme", "17_sayac_degeri_kaydetme\17_sayac_degeri_kaydetme.csproj", "{C3195E81-8BAB-46D8-8E7C-68FFFBDB0B72}"
EndProject
Global
	GlobalSection(SolutionConfigurationPlatforms) = preSolution
		Debug|Any CPU = Debug|Any CPU
		Release|Any CPU = Release|Any CPU
	EndGlobalSection
	GlobalSection(ProjectConfigurationPlatforms) = postSolution
		{C3195E81-8BAB-46D8-8E7C-68FFFBDB0B72}.Debug|Any CPU.ActiveCfg = Debug|Any CPU
		{C3195E81-8BAB-46D8-8E7C-68FFFBDB0B72}.Debug|Any CPU.Build.0 = Debug|Any CPU
		{C3195E81-8BAB-46D8-8E7C-68FFFBDB0B72}.Release|Any CPU.ActiveCfg = Release|Any CPU
		{C3195E81-8BAB-46D8-8E7C-68FFFBDB0B72}.Release|Any CPU.Build.0 = Release|Any CPU
	EndGlobalSection
	GlobalSection(SolutionProperties) = preSolution
		HideSolutionNode = FALSE
	EndGlobalSection
	GlobalSection(ExtensibilityGlobals) = postSolution
		SolutionGuid = {5A25B715-A0F3-48DC-AE8B-03D4FC7CECA1}
	EndGlobalSection
EndGlobal
