
Microsoft Visual Studio Solution File, Format Version 12.00
# Visual Studio Version 17
VisualStudioVersion = 17.1.32228.430
MinimumVisualStudioVersion = 10.0.40219.1
Project("{FAE04EC0-301F-11D3-BF4B-00C04F79EFBC}") = "7_inch_cm_donusumu", "7_inch_cm_donusumu\7_inch_cm_donusumu.csproj", "{04A52F3A-275E-456D-AEE9-71B87D38E885}"
EndProject
Global
	GlobalSection(SolutionConfigurationPlatforms) = preSolution
		Debug|Any CPU = Debug|Any CPU
		Release|Any CPU = Release|Any CPU
	EndGlobalSection
	GlobalSection(ProjectConfigurationPlatforms) = postSolution
		{04A52F3A-275E-456D-AEE9-71B87D38E885}.Debug|Any CPU.ActiveCfg = Debug|Any CPU
		{04A52F3A-275E-456D-AEE9-71B87D38E885}.Debug|Any CPU.Build.0 = Debug|Any CPU
		{04A52F3A-275E-456D-AEE9-71B87D38E885}.Release|Any CPU.ActiveCfg = Release|Any CPU
		{04A52F3A-275E-456D-AEE9-71B87D38E885}.Release|Any CPU.Build.0 = Release|Any CPU
	EndGlobalSection
	GlobalSection(SolutionProperties) = preSolution
		HideSolutionNode = FALSE
	EndGlobalSection
	GlobalSection(ExtensibilityGlobals) = postSolution
		SolutionGuid = {7473E938-63D3-426D-B5FA-D3E48AC74750}
	EndGlobalSection
EndGlobal
