
Microsoft Visual Studio Solution File, Format Version 12.00
# Visual Studio Version 17
VisualStudioVersion = 17.0.32112.339
MinimumVisualStudioVersion = 10.0.40219.1
Project("{FAE04EC0-301F-11D3-BF4B-00C04F79EFBC}") = "kucuk_turun_buyuk_ture", "kucuk_turun_buyuk_ture\kucuk_turun_buyuk_ture.csproj", "{B80C7F06-F483-4406-8DCA-DA37AEC60125}"
EndProject
Global
	GlobalSection(SolutionConfigurationPlatforms) = preSolution
		Debug|Any CPU = Debug|Any CPU
		Release|Any CPU = Release|Any CPU
	EndGlobalSection
	GlobalSection(ProjectConfigurationPlatforms) = postSolution
		{B80C7F06-F483-4406-8DCA-DA37AEC60125}.Debug|Any CPU.ActiveCfg = Debug|Any CPU
		{B80C7F06-F483-4406-8DCA-DA37AEC60125}.Debug|Any CPU.Build.0 = Debug|Any CPU
		{B80C7F06-F483-4406-8DCA-DA37AEC60125}.Release|Any CPU.ActiveCfg = Release|Any CPU
		{B80C7F06-F483-4406-8DCA-DA37AEC60125}.Release|Any CPU.Build.0 = Release|Any CPU
	EndGlobalSection
	GlobalSection(SolutionProperties) = preSolution
		HideSolutionNode = FALSE
	EndGlobalSection
	GlobalSection(ExtensibilityGlobals) = postSolution
		SolutionGuid = {5BB2CB85-0DA1-45FA-B344-EB373F6AE82E}
	EndGlobalSection
EndGlobal
