
Microsoft Visual Studio Solution File, Format Version 12.00
# Visual Studio Version 17
VisualStudioVersion = 17.1.32228.430
MinimumVisualStudioVersion = 10.0.40219.1
Project("{FAE04EC0-301F-11D3-BF4B-00C04F79EFBC}") = "16_not_ortalamasi_gecti_kaldi", "16_not_ortalamasi_gecti_kaldi\16_not_ortalamasi_gecti_kaldi.csproj", "{B60BB015-9DC0-440C-A70F-3AA1EFC1E65C}"
EndProject
Global
	GlobalSection(SolutionConfigurationPlatforms) = preSolution
		Debug|Any CPU = Debug|Any CPU
		Release|Any CPU = Release|Any CPU
	EndGlobalSection
	GlobalSection(ProjectConfigurationPlatforms) = postSolution
		{B60BB015-9DC0-440C-A70F-3AA1EFC1E65C}.Debug|Any CPU.ActiveCfg = Debug|Any CPU
		{B60BB015-9DC0-440C-A70F-3AA1EFC1E65C}.Debug|Any CPU.Build.0 = Debug|Any CPU
		{B60BB015-9DC0-440C-A70F-3AA1EFC1E65C}.Release|Any CPU.ActiveCfg = Release|Any CPU
		{B60BB015-9DC0-440C-A70F-3AA1EFC1E65C}.Release|Any CPU.Build.0 = Release|Any CPU
	EndGlobalSection
	GlobalSection(SolutionProperties) = preSolution
		HideSolutionNode = FALSE
	EndGlobalSection
	GlobalSection(ExtensibilityGlobals) = postSolution
		SolutionGuid = {73410C03-E6A6-4290-928E-9F3E9EDAB9E1}
	EndGlobalSection
EndGlobal
