
Microsoft Visual Studio Solution File, Format Version 12.00
# Visual Studio Version 17
VisualStudioVersion = 17.0.32112.339
MinimumVisualStudioVersion = 10.0.40219.1
Project("{FAE04EC0-301F-11D3-BF4B-00C04F79EFBC}") = "buyuk_turun_kucuk_ture_donusumu", "buyuk_turun_kucuk_ture_donusumu\buyuk_turun_kucuk_ture_donusumu.csproj", "{81BE05CA-6A8A-49BE-95E3-FE4576A20170}"
EndProject
Global
	GlobalSection(SolutionConfigurationPlatforms) = preSolution
		Debug|Any CPU = Debug|Any CPU
		Release|Any CPU = Release|Any CPU
	EndGlobalSection
	GlobalSection(ProjectConfigurationPlatforms) = postSolution
		{81BE05CA-6A8A-49BE-95E3-FE4576A20170}.Debug|Any CPU.ActiveCfg = Debug|Any CPU
		{81BE05CA-6A8A-49BE-95E3-FE4576A20170}.Debug|Any CPU.Build.0 = Debug|Any CPU
		{81BE05CA-6A8A-49BE-95E3-FE4576A20170}.Release|Any CPU.ActiveCfg = Release|Any CPU
		{81BE05CA-6A8A-49BE-95E3-FE4576A20170}.Release|Any CPU.Build.0 = Release|Any CPU
	EndGlobalSection
	GlobalSection(SolutionProperties) = preSolution
		HideSolutionNode = FALSE
	EndGlobalSection
	GlobalSection(ExtensibilityGlobals) = postSolution
		SolutionGuid = {1A6F9559-A208-4F18-B896-5E36293DAE11}
	EndGlobalSection
EndGlobal
