
Microsoft Visual Studio Solution File, Format Version 12.00
# Visual Studio Version 17
VisualStudioVersion = 17.0.32112.339
MinimumVisualStudioVersion = 10.0.40219.1
Project("{FAE04EC0-301F-11D3-BF4B-00C04F79EFBC}") = "gecerli_Sabit", "gecerli_Sabit\gecerli_Sabit.csproj", "{EB5A10D1-BA6E-49B7-B015-D8F80887C913}"
EndProject
Global
	GlobalSection(SolutionConfigurationPlatforms) = preSolution
		Debug|Any CPU = Debug|Any CPU
		Release|Any CPU = Release|Any CPU
	EndGlobalSection
	GlobalSection(ProjectConfigurationPlatforms) = postSolution
		{EB5A10D1-BA6E-49B7-B015-D8F80887C913}.Debug|Any CPU.ActiveCfg = Debug|Any CPU
		{EB5A10D1-BA6E-49B7-B015-D8F80887C913}.Debug|Any CPU.Build.0 = Debug|Any CPU
		{EB5A10D1-BA6E-49B7-B015-D8F80887C913}.Release|Any CPU.ActiveCfg = Release|Any CPU
		{EB5A10D1-BA6E-49B7-B015-D8F80887C913}.Release|Any CPU.Build.0 = Release|Any CPU
	EndGlobalSection
	GlobalSection(SolutionProperties) = preSolution
		HideSolutionNode = FALSE
	EndGlobalSection
	GlobalSection(ExtensibilityGlobals) = postSolution
		SolutionGuid = {BF86B28B-38F7-4F81-82E1-6554BD33C007}
	EndGlobalSection
EndGlobal
