
Microsoft Visual Studio Solution File, Format Version 12.00
# Visual Studio Version 17
VisualStudioVersion = 17.0.32112.339
MinimumVisualStudioVersion = 10.0.40219.1
Project("{FAE04EC0-301F-11D3-BF4B-00C04F79EFBC}") = "bitsel_ozel_veya_operatoru", "bitsel_ozel_veya_operatoru\bitsel_ozel_veya_operatoru.csproj", "{EBBC581D-9D2F-4A77-9BEE-DF1808225951}"
EndProject
Global
	GlobalSection(SolutionConfigurationPlatforms) = preSolution
		Debug|Any CPU = Debug|Any CPU
		Release|Any CPU = Release|Any CPU
	EndGlobalSection
	GlobalSection(ProjectConfigurationPlatforms) = postSolution
		{EBBC581D-9D2F-4A77-9BEE-DF1808225951}.Debug|Any CPU.ActiveCfg = Debug|Any CPU
		{EBBC581D-9D2F-4A77-9BEE-DF1808225951}.Debug|Any CPU.Build.0 = Debug|Any CPU
		{EBBC581D-9D2F-4A77-9BEE-DF1808225951}.Release|Any CPU.ActiveCfg = Release|Any CPU
		{EBBC581D-9D2F-4A77-9BEE-DF1808225951}.Release|Any CPU.Build.0 = Release|Any CPU
	EndGlobalSection
	GlobalSection(SolutionProperties) = preSolution
		HideSolutionNode = FALSE
	EndGlobalSection
	GlobalSection(ExtensibilityGlobals) = postSolution
		SolutionGuid = {6CA8DDDA-AAA3-4782-982E-12425DAD7E30}
	EndGlobalSection
EndGlobal
