
Microsoft Visual Studio Solution File, Format Version 12.00
# Visual Studio Version 17
VisualStudioVersion = 17.0.32112.339
MinimumVisualStudioVersion = 10.0.40219.1
Project("{FAE04EC0-301F-11D3-BF4B-00C04F79EFBC}") = "tur_donusumu_tostring_metodu", "tur_donusumu_tostring_metodu\tur_donusumu_tostring_metodu.csproj", "{D678EE9A-62DD-41A8-B6A7-B78483D2E92D}"
EndProject
Global
	GlobalSection(SolutionConfigurationPlatforms) = preSolution
		Debug|Any CPU = Debug|Any CPU
		Release|Any CPU = Release|Any CPU
	EndGlobalSection
	GlobalSection(ProjectConfigurationPlatforms) = postSolution
		{D678EE9A-62DD-41A8-B6A7-B78483D2E92D}.Debug|Any CPU.ActiveCfg = Debug|Any CPU
		{D678EE9A-62DD-41A8-B6A7-B78483D2E92D}.Debug|Any CPU.Build.0 = Debug|Any CPU
		{D678EE9A-62DD-41A8-B6A7-B78483D2E92D}.Release|Any CPU.ActiveCfg = Release|Any CPU
		{D678EE9A-62DD-41A8-B6A7-B78483D2E92D}.Release|Any CPU.Build.0 = Release|Any CPU
	EndGlobalSection
	GlobalSection(SolutionProperties) = preSolution
		HideSolutionNode = FALSE
	EndGlobalSection
	GlobalSection(ExtensibilityGlobals) = postSolution
		SolutionGuid = {B7844F3F-F016-4850-B86D-D4163CF1E954}
	EndGlobalSection
EndGlobal
