
Microsoft Visual Studio Solution File, Format Version 12.00
# Visual Studio Version 17
VisualStudioVersion = 17.1.32228.430
MinimumVisualStudioVersion = 10.0.40219.1
Project("{FAE04EC0-301F-11D3-BF4B-00C04F79EFBC}") = "9_kucuk_tamsayiya_yuvarlatma", "9_kucuk_tamsayiya_yuvarlatma\9_kucuk_tamsayiya_yuvarlatma.csproj", "{D45C8EA5-DF6A-4C67-AEAE-81542A66AAD2}"
EndProject
Global
	GlobalSection(SolutionConfigurationPlatforms) = preSolution
		Debug|Any CPU = Debug|Any CPU
		Release|Any CPU = Release|Any CPU
	EndGlobalSection
	GlobalSection(ProjectConfigurationPlatforms) = postSolution
		{D45C8EA5-DF6A-4C67-AEAE-81542A66AAD2}.Debug|Any CPU.ActiveCfg = Debug|Any CPU
		{D45C8EA5-DF6A-4C67-AEAE-81542A66AAD2}.Debug|Any CPU.Build.0 = Debug|Any CPU
		{D45C8EA5-DF6A-4C67-AEAE-81542A66AAD2}.Release|Any CPU.ActiveCfg = Release|Any CPU
		{D45C8EA5-DF6A-4C67-AEAE-81542A66AAD2}.Release|Any CPU.Build.0 = Release|Any CPU
	EndGlobalSection
	GlobalSection(SolutionProperties) = preSolution
		HideSolutionNode = FALSE
	EndGlobalSection
	GlobalSection(ExtensibilityGlobals) = postSolution
		SolutionGuid = {00DF6AC5-6402-4513-AFDF-A7AA3C2DDE0D}
	EndGlobalSection
EndGlobal
