
Microsoft Visual Studio Solution File, Format Version 12.00
# Visual Studio Version 17
VisualStudioVersion = 17.1.32228.430
MinimumVisualStudioVersion = 10.0.40219.1
Project("{FAE04EC0-301F-11D3-BF4B-00C04F79EFBC}") = "38_tek_bilinmeyenli_denklem", "38_tek_bilinmeyenli_denklem\38_tek_bilinmeyenli_denklem.csproj", "{CCAF7E77-C096-4E88-9F54-969724A407F3}"
EndProject
Global
	GlobalSection(SolutionConfigurationPlatforms) = preSolution
		Debug|Any CPU = Debug|Any CPU
		Release|Any CPU = Release|Any CPU
	EndGlobalSection
	GlobalSection(ProjectConfigurationPlatforms) = postSolution
		{CCAF7E77-C096-4E88-9F54-969724A407F3}.Debug|Any CPU.ActiveCfg = Debug|Any CPU
		{CCAF7E77-C096-4E88-9F54-969724A407F3}.Debug|Any CPU.Build.0 = Debug|Any CPU
		{CCAF7E77-C096-4E88-9F54-969724A407F3}.Release|Any CPU.ActiveCfg = Release|Any CPU
		{CCAF7E77-C096-4E88-9F54-969724A407F3}.Release|Any CPU.Build.0 = Release|Any CPU
	EndGlobalSection
	GlobalSection(SolutionProperties) = preSolution
		HideSolutionNode = FALSE
	EndGlobalSection
	GlobalSection(ExtensibilityGlobals) = postSolution
		SolutionGuid = {BDF9577E-2780-4E79-9838-A066A5EE59E7}
	EndGlobalSection
EndGlobal
