
Microsoft Visual Studio Solution File, Format Version 12.00
# Visual Studio Version 17
VisualStudioVersion = 17.0.32112.339
MinimumVisualStudioVersion = 10.0.40219.1
Project("{FAE04EC0-301F-11D3-BF4B-00C04F79EFBC}") = "tur_donusumu_tostring_aritmetik", "tur_donusumu_tostring_aritmetik\tur_donusumu_tostring_aritmetik.csproj", "{A6C51E81-217A-4B10-B114-8364514D7434}"
EndProject
Global
	GlobalSection(SolutionConfigurationPlatforms) = preSolution
		Debug|Any CPU = Debug|Any CPU
		Release|Any CPU = Release|Any CPU
	EndGlobalSection
	GlobalSection(ProjectConfigurationPlatforms) = postSolution
		{A6C51E81-217A-4B10-B114-8364514D7434}.Debug|Any CPU.ActiveCfg = Debug|Any CPU
		{A6C51E81-217A-4B10-B114-8364514D7434}.Debug|Any CPU.Build.0 = Debug|Any CPU
		{A6C51E81-217A-4B10-B114-8364514D7434}.Release|Any CPU.ActiveCfg = Release|Any CPU
		{A6C51E81-217A-4B10-B114-8364514D7434}.Release|Any CPU.Build.0 = Release|Any CPU
	EndGlobalSection
	GlobalSection(SolutionProperties) = preSolution
		HideSolutionNode = FALSE
	EndGlobalSection
	GlobalSection(ExtensibilityGlobals) = postSolution
		SolutionGuid = {8EB3C04B-A874-4792-A0DC-36D6DC43100A}
	EndGlobalSection
EndGlobal
