
Microsoft Visual Studio Solution File, Format Version 12.00
# Visual Studio Version 17
VisualStudioVersion = 17.1.32228.430
MinimumVisualStudioVersion = 10.0.40219.1
Project("{FAE04EC0-301F-11D3-BF4B-00C04F79EFBC}") = "27_ekucret_cocuk_halisi", "27_ekucret_cocuk_halisi\27_ekucret_cocuk_halisi.csproj", "{BC8AC45E-E84A-4A6E-9A0D-05316F92DFA4}"
EndProject
Global
	GlobalSection(SolutionConfigurationPlatforms) = preSolution
		Debug|Any CPU = Debug|Any CPU
		Release|Any CPU = Release|Any CPU
	EndGlobalSection
	GlobalSection(ProjectConfigurationPlatforms) = postSolution
		{BC8AC45E-E84A-4A6E-9A0D-05316F92DFA4}.Debug|Any CPU.ActiveCfg = Debug|Any CPU
		{BC8AC45E-E84A-4A6E-9A0D-05316F92DFA4}.Debug|Any CPU.Build.0 = Debug|Any CPU
		{BC8AC45E-E84A-4A6E-9A0D-05316F92DFA4}.Release|Any CPU.ActiveCfg = Release|Any CPU
		{BC8AC45E-E84A-4A6E-9A0D-05316F92DFA4}.Release|Any CPU.Build.0 = Release|Any CPU
	EndGlobalSection
	GlobalSection(SolutionProperties) = preSolution
		HideSolutionNode = FALSE
	EndGlobalSection
	GlobalSection(ExtensibilityGlobals) = postSolution
		SolutionGuid = {E847D94A-C765-4400-9547-9264D4C79A16}
	EndGlobalSection
EndGlobal
