
Microsoft Visual Studio Solution File, Format Version 12.00
# Visual Studio Version 17
VisualStudioVersion = 17.1.32228.430
MinimumVisualStudioVersion = 10.0.40219.1
Project("{FAE04EC0-301F-11D3-BF4B-00C04F79EFBC}") = "35_faktoriyel_for_while", "35_faktoriyel_for_while\35_faktoriyel_for_while.csproj", "{15ECCA0A-3342-482D-A39D-424CD99E4898}"
EndProject
Global
	GlobalSection(SolutionConfigurationPlatforms) = preSolution
		Debug|Any CPU = Debug|Any CPU
		Release|Any CPU = Release|Any CPU
	EndGlobalSection
	GlobalSection(ProjectConfigurationPlatforms) = postSolution
		{15ECCA0A-3342-482D-A39D-424CD99E4898}.Debug|Any CPU.ActiveCfg = Debug|Any CPU
		{15ECCA0A-3342-482D-A39D-424CD99E4898}.Debug|Any CPU.Build.0 = Debug|Any CPU
		{15ECCA0A-3342-482D-A39D-424CD99E4898}.Release|Any CPU.ActiveCfg = Release|Any CPU
		{15ECCA0A-3342-482D-A39D-424CD99E4898}.Release|Any CPU.Build.0 = Release|Any CPU
	EndGlobalSection
	GlobalSection(SolutionProperties) = preSolution
		HideSolutionNode = FALSE
	EndGlobalSection
	GlobalSection(ExtensibilityGlobals) = postSolution
		SolutionGuid = {76D4F4AC-9A3A-4994-8266-1853F11A2EA7}
	EndGlobalSection
EndGlobal
