
Microsoft Visual Studio Solution File, Format Version 12.00
# Visual Studio Version 17
VisualStudioVersion = 17.0.32112.339
MinimumVisualStudioVersion = 10.0.40219.1
Project("{FAE04EC0-301F-11D3-BF4B-00C04F79EFBC}") = "bool_turu_veri", "bool_turu_veri\bool_turu_veri.csproj", "{06F4AC5D-7475-4D65-9444-7BF26DEBBF75}"
EndProject
Global
	GlobalSection(SolutionConfigurationPlatforms) = preSolution
		Debug|Any CPU = Debug|Any CPU
		Release|Any CPU = Release|Any CPU
	EndGlobalSection
	GlobalSection(ProjectConfigurationPlatforms) = postSolution
		{06F4AC5D-7475-4D65-9444-7BF26DEBBF75}.Debug|Any CPU.ActiveCfg = Debug|Any CPU
		{06F4AC5D-7475-4D65-9444-7BF26DEBBF75}.Debug|Any CPU.Build.0 = Debug|Any CPU
		{06F4AC5D-7475-4D65-9444-7BF26DEBBF75}.Release|Any CPU.ActiveCfg = Release|Any CPU
		{06F4AC5D-7475-4D65-9444-7BF26DEBBF75}.Release|Any CPU.Build.0 = Release|Any CPU
	EndGlobalSection
	GlobalSection(SolutionProperties) = preSolution
		HideSolutionNode = FALSE
	EndGlobalSection
	GlobalSection(ExtensibilityGlobals) = postSolution
		SolutionGuid = {001BB809-FD28-480B-8712-6E9E4F9D1766}
	EndGlobalSection
EndGlobal
