
Microsoft Visual Studio Solution File, Format Version 12.00
# Visual Studio Version 17
VisualStudioVersion = 17.0.32112.339
MinimumVisualStudioVersion = 10.0.40219.1
Project("{FAE04EC0-301F-11D3-BF4B-00C04F79EFBC}") = "if_deyimi3", "if_deyimi3\if_deyimi3.csproj", "{A60FC048-2156-49F7-97ED-F192A5F82155}"
EndProject
Global
	GlobalSection(SolutionConfigurationPlatforms) = preSolution
		Debug|Any CPU = Debug|Any CPU
		Release|Any CPU = Release|Any CPU
	EndGlobalSection
	GlobalSection(ProjectConfigurationPlatforms) = postSolution
		{A60FC048-2156-49F7-97ED-F192A5F82155}.Debug|Any CPU.ActiveCfg = Debug|Any CPU
		{A60FC048-2156-49F7-97ED-F192A5F82155}.Debug|Any CPU.Build.0 = Debug|Any CPU
		{A60FC048-2156-49F7-97ED-F192A5F82155}.Release|Any CPU.ActiveCfg = Release|Any CPU
		{A60FC048-2156-49F7-97ED-F192A5F82155}.Release|Any CPU.Build.0 = Release|Any CPU
	EndGlobalSection
	GlobalSection(SolutionProperties) = preSolution
		HideSolutionNode = FALSE
	EndGlobalSection
	GlobalSection(ExtensibilityGlobals) = postSolution
		SolutionGuid = {A4B4FAD1-C03C-49F5-9387-6F780C55267A}
	EndGlobalSection
EndGlobal
