
Microsoft Visual Studio Solution File, Format Version 12.00
# Visual Studio Version 17
VisualStudioVersion = 17.0.32112.339
MinimumVisualStudioVersion = 10.0.40219.1
Project("{FAE04EC0-301F-11D3-BF4B-00C04F79EFBC}") = "string_veri_turu", "string_veri_turu\string_veri_turu.csproj", "{4EF47D56-1C62-4A38-B954-5EF2C724C5B0}"
EndProject
Global
	GlobalSection(SolutionConfigurationPlatforms) = preSolution
		Debug|Any CPU = Debug|Any CPU
		Release|Any CPU = Release|Any CPU
	EndGlobalSection
	GlobalSection(ProjectConfigurationPlatforms) = postSolution
		{4EF47D56-1C62-4A38-B954-5EF2C724C5B0}.Debug|Any CPU.ActiveCfg = Debug|Any CPU
		{4EF47D56-1C62-4A38-B954-5EF2C724C5B0}.Debug|Any CPU.Build.0 = Debug|Any CPU
		{4EF47D56-1C62-4A38-B954-5EF2C724C5B0}.Release|Any CPU.ActiveCfg = Release|Any CPU
		{4EF47D56-1C62-4A38-B954-5EF2C724C5B0}.Release|Any CPU.Build.0 = Release|Any CPU
	EndGlobalSection
	GlobalSection(SolutionProperties) = preSolution
		HideSolutionNode = FALSE
	EndGlobalSection
	GlobalSection(ExtensibilityGlobals) = postSolution
		SolutionGuid = {B649DC6B-1DE4-4833-8D86-0D90994196DA}
	EndGlobalSection
EndGlobal
