
Microsoft Visual Studio Solution File, Format Version 12.00
# Visual Studio Version 17
VisualStudioVersion = 17.0.32112.339
MinimumVisualStudioVersion = 10.0.40219.1
Project("{FAE04EC0-301F-11D3-BF4B-00C04F79EFBC}") = "bitsel_veya_operatoru", "bitsel_veya_operatoru\bitsel_veya_operatoru.csproj", "{8893445A-A84A-49EE-98D4-98CAE68B7191}"
EndProject
Global
	GlobalSection(SolutionConfigurationPlatforms) = preSolution
		Debug|Any CPU = Debug|Any CPU
		Release|Any CPU = Release|Any CPU
	EndGlobalSection
	GlobalSection(ProjectConfigurationPlatforms) = postSolution
		{8893445A-A84A-49EE-98D4-98CAE68B7191}.Debug|Any CPU.ActiveCfg = Debug|Any CPU
		{8893445A-A84A-49EE-98D4-98CAE68B7191}.Debug|Any CPU.Build.0 = Debug|Any CPU
		{8893445A-A84A-49EE-98D4-98CAE68B7191}.Release|Any CPU.ActiveCfg = Release|Any CPU
		{8893445A-A84A-49EE-98D4-98CAE68B7191}.Release|Any CPU.Build.0 = Release|Any CPU
	EndGlobalSection
	GlobalSection(SolutionProperties) = preSolution
		HideSolutionNode = FALSE
	EndGlobalSection
	GlobalSection(ExtensibilityGlobals) = postSolution
		SolutionGuid = {4E79E394-AFF2-4810-84BB-95373733E5E9}
	EndGlobalSection
EndGlobal
