
Microsoft Visual Studio Solution File, Format Version 12.00
# Visual Studio Version 17
VisualStudioVersion = 17.0.32112.339
MinimumVisualStudioVersion = 10.0.40219.1
Project("{FAE04EC0-301F-11D3-BF4B-00C04F79EFBC}") = "for_ornek5", "for_ornek5\for_ornek5.csproj", "{D5372606-57DF-4D65-B405-517F46F724FB}"
EndProject
Global
	GlobalSection(SolutionConfigurationPlatforms) = preSolution
		Debug|Any CPU = Debug|Any CPU
		Release|Any CPU = Release|Any CPU
	EndGlobalSection
	GlobalSection(ProjectConfigurationPlatforms) = postSolution
		{D5372606-57DF-4D65-B405-517F46F724FB}.Debug|Any CPU.ActiveCfg = Debug|Any CPU
		{D5372606-57DF-4D65-B405-517F46F724FB}.Debug|Any CPU.Build.0 = Debug|Any CPU
		{D5372606-57DF-4D65-B405-517F46F724FB}.Release|Any CPU.ActiveCfg = Release|Any CPU
		{D5372606-57DF-4D65-B405-517F46F724FB}.Release|Any CPU.Build.0 = Release|Any CPU
	EndGlobalSection
	GlobalSection(SolutionProperties) = preSolution
		HideSolutionNode = FALSE
	EndGlobalSection
	GlobalSection(ExtensibilityGlobals) = postSolution
		SolutionGuid = {A824DACF-5199-42D0-A343-2D879197D2B3}
	EndGlobalSection
EndGlobal
