
Microsoft Visual Studio Solution File, Format Version 12.00
# Visual Studio Version 17
VisualStudioVersion = 17.1.32228.430
MinimumVisualStudioVersion = 10.0.40219.1
Project("{FAE04EC0-301F-11D3-BF4B-00C04F79EFBC}") = "8_fahrenhayt_santigrat_donusumu", "8_fahrenhayt_santigrat_donusumu\8_fahrenhayt_santigrat_donusumu.csproj", "{60B8D8B9-4DCC-4FD5-8C5D-85EB17228A8E}"
EndProject
Global
	GlobalSection(SolutionConfigurationPlatforms) = preSolution
		Debug|Any CPU = Debug|Any CPU
		Release|Any CPU = Release|Any CPU
	EndGlobalSection
	GlobalSection(ProjectConfigurationPlatforms) = postSolution
		{60B8D8B9-4DCC-4FD5-8C5D-85EB17228A8E}.Debug|Any CPU.ActiveCfg = Debug|Any CPU
		{60B8D8B9-4DCC-4FD5-8C5D-85EB17228A8E}.Debug|Any CPU.Build.0 = Debug|Any CPU
		{60B8D8B9-4DCC-4FD5-8C5D-85EB17228A8E}.Release|Any CPU.ActiveCfg = Release|Any CPU
		{60B8D8B9-4DCC-4FD5-8C5D-85EB17228A8E}.Release|Any CPU.Build.0 = Release|Any CPU
	EndGlobalSection
	GlobalSection(SolutionProperties) = preSolution
		HideSolutionNode = FALSE
	EndGlobalSection
	GlobalSection(ExtensibilityGlobals) = postSolution
		SolutionGuid = {8077048B-4DB0-4497-A4D9-9C2D94714BE9}
	EndGlobalSection
EndGlobal
