
Microsoft Visual Studio Solution File, Format Version 12.00
# Visual Studio Version 17
VisualStudioVersion = 17.0.32112.339
MinimumVisualStudioVersion = 10.0.40219.1
Project("{FAE04EC0-301F-11D3-BF4B-00C04F79EFBC}") = "numeric_variable", "numeric_variable\numeric_variable.csproj", "{37C5ABA0-D777-445C-9BD6-452A78AE2CB3}"
EndProject
Global
	GlobalSection(SolutionConfigurationPlatforms) = preSolution
		Debug|Any CPU = Debug|Any CPU
		Release|Any CPU = Release|Any CPU
	EndGlobalSection
	GlobalSection(ProjectConfigurationPlatforms) = postSolution
		{37C5ABA0-D777-445C-9BD6-452A78AE2CB3}.Debug|Any CPU.ActiveCfg = Debug|Any CPU
		{37C5ABA0-D777-445C-9BD6-452A78AE2CB3}.Debug|Any CPU.Build.0 = Debug|Any CPU
		{37C5ABA0-D777-445C-9BD6-452A78AE2CB3}.Release|Any CPU.ActiveCfg = Release|Any CPU
		{37C5ABA0-D777-445C-9BD6-452A78AE2CB3}.Release|Any CPU.Build.0 = Release|Any CPU
	EndGlobalSection
	GlobalSection(SolutionProperties) = preSolution
		HideSolutionNode = FALSE
	EndGlobalSection
	GlobalSection(ExtensibilityGlobals) = postSolution
		SolutionGuid = {5D99C48E-78F6-481D-BCB6-8231B314E4A9}
	EndGlobalSection
EndGlobal
