
Microsoft Visual Studio Solution File, Format Version 12.00
# Visual Studio Version 17
VisualStudioVersion = 17.1.32228.430
MinimumVisualStudioVersion = 10.0.40219.1
Project("{FAE04EC0-301F-11D3-BF4B-00C04F79EFBC}") = "15_iki_farkli_deger_kontrolü", "15_iki_farkli_deger_kontrolü\15_iki_farkli_deger_kontrolü.csproj", "{E4F3B955-7F00-4255-ADF4-B2B19F41FCA9}"
EndProject
Global
	GlobalSection(SolutionConfigurationPlatforms) = preSolution
		Debug|Any CPU = Debug|Any CPU
		Release|Any CPU = Release|Any CPU
	EndGlobalSection
	GlobalSection(ProjectConfigurationPlatforms) = postSolution
		{E4F3B955-7F00-4255-ADF4-B2B19F41FCA9}.Debug|Any CPU.ActiveCfg = Debug|Any CPU
		{E4F3B955-7F00-4255-ADF4-B2B19F41FCA9}.Debug|Any CPU.Build.0 = Debug|Any CPU
		{E4F3B955-7F00-4255-ADF4-B2B19F41FCA9}.Release|Any CPU.ActiveCfg = Release|Any CPU
		{E4F3B955-7F00-4255-ADF4-B2B19F41FCA9}.Release|Any CPU.Build.0 = Release|Any CPU
	EndGlobalSection
	GlobalSection(SolutionProperties) = preSolution
		HideSolutionNode = FALSE
	EndGlobalSection
	GlobalSection(ExtensibilityGlobals) = postSolution
		SolutionGuid = {1CB0D5BF-7A97-436A-87AF-D55EA7EB507F}
	EndGlobalSection
EndGlobal
