
Microsoft Visual Studio Solution File, Format Version 12.00
# Visual Studio Version 17
VisualStudioVersion = 17.0.32112.339
MinimumVisualStudioVersion = 10.0.40219.1
Project("{FAE04EC0-301F-11D3-BF4B-00C04F79EFBC}") = "decimal_veri_turu", "decimal_veri_turu\decimal_veri_turu.csproj", "{0983BB07-F656-49DC-B642-42F1305602CF}"
EndProject
Global
	GlobalSection(SolutionConfigurationPlatforms) = preSolution
		Debug|Any CPU = Debug|Any CPU
		Release|Any CPU = Release|Any CPU
	EndGlobalSection
	GlobalSection(ProjectConfigurationPlatforms) = postSolution
		{0983BB07-F656-49DC-B642-42F1305602CF}.Debug|Any CPU.ActiveCfg = Debug|Any CPU
		{0983BB07-F656-49DC-B642-42F1305602CF}.Debug|Any CPU.Build.0 = Debug|Any CPU
		{0983BB07-F656-49DC-B642-42F1305602CF}.Release|Any CPU.ActiveCfg = Release|Any CPU
		{0983BB07-F656-49DC-B642-42F1305602CF}.Release|Any CPU.Build.0 = Release|Any CPU
	EndGlobalSection
	GlobalSection(SolutionProperties) = preSolution
		HideSolutionNode = FALSE
	EndGlobalSection
	GlobalSection(ExtensibilityGlobals) = postSolution
		SolutionGuid = {E8CB458D-8BA2-44BE-AD00-924DD9F5F25C}
	EndGlobalSection
EndGlobal
