
Microsoft Visual Studio Solution File, Format Version 12.00
# Visual Studio Version 17
VisualStudioVersion = 17.0.32112.339
MinimumVisualStudioVersion = 10.0.40219.1
Project("{FAE04EC0-301F-11D3-BF4B-00C04F79EFBC}") = "do_while1", "do_while1\do_while1.csproj", "{846DF4FA-08C5-482D-8417-303DB40CE119}"
EndProject
Global
	GlobalSection(SolutionConfigurationPlatforms) = preSolution
		Debug|Any CPU = Debug|Any CPU
		Release|Any CPU = Release|Any CPU
	EndGlobalSection
	GlobalSection(ProjectConfigurationPlatforms) = postSolution
		{846DF4FA-08C5-482D-8417-303DB40CE119}.Debug|Any CPU.ActiveCfg = Debug|Any CPU
		{846DF4FA-08C5-482D-8417-303DB40CE119}.Debug|Any CPU.Build.0 = Debug|Any CPU
		{846DF4FA-08C5-482D-8417-303DB40CE119}.Release|Any CPU.ActiveCfg = Release|Any CPU
		{846DF4FA-08C5-482D-8417-303DB40CE119}.Release|Any CPU.Build.0 = Release|Any CPU
	EndGlobalSection
	GlobalSection(SolutionProperties) = preSolution
		HideSolutionNode = FALSE
	EndGlobalSection
	GlobalSection(ExtensibilityGlobals) = postSolution
		SolutionGuid = {21F64E8A-774E-43B3-B4EC-03A199A4391F}
	EndGlobalSection
EndGlobal
