
Microsoft Visual Studio Solution File, Format Version 12.00
# Visual Studio Version 17
VisualStudioVersion = 17.0.32112.339
MinimumVisualStudioVersion = 10.0.40219.1
Project("{FAE04EC0-301F-11D3-BF4B-00C04F79EFBC}") = "if_deyimi1", "if_deyimi1\if_deyimi1.csproj", "{6E25CEE8-F5D3-4A50-B979-887A75AAA6EB}"
EndProject
Global
	GlobalSection(SolutionConfigurationPlatforms) = preSolution
		Debug|Any CPU = Debug|Any CPU
		Release|Any CPU = Release|Any CPU
	EndGlobalSection
	GlobalSection(ProjectConfigurationPlatforms) = postSolution
		{6E25CEE8-F5D3-4A50-B979-887A75AAA6EB}.Debug|Any CPU.ActiveCfg = Debug|Any CPU
		{6E25CEE8-F5D3-4A50-B979-887A75AAA6EB}.Debug|Any CPU.Build.0 = Debug|Any CPU
		{6E25CEE8-F5D3-4A50-B979-887A75AAA6EB}.Release|Any CPU.ActiveCfg = Release|Any CPU
		{6E25CEE8-F5D3-4A50-B979-887A75AAA6EB}.Release|Any CPU.Build.0 = Release|Any CPU
	EndGlobalSection
	GlobalSection(SolutionProperties) = preSolution
		HideSolutionNode = FALSE
	EndGlobalSection
	GlobalSection(ExtensibilityGlobals) = postSolution
		SolutionGuid = {91E065B7-574A-481E-BE99-18BD9EDA93E7}
	EndGlobalSection
EndGlobal
