
Microsoft Visual Studio Solution File, Format Version 12.00
# Visual Studio Version 17
VisualStudioVersion = 17.0.32112.339
MinimumVisualStudioVersion = 10.0.40219.1
Project("{FAE04EC0-301F-11D3-BF4B-00C04F79EFBC}") = "float_veri_turu", "float_veri_turu\float_veri_turu.csproj", "{BED573BE-AA5F-4FA0-BEE3-DC3AA9F11C77}"
EndProject
Global
	GlobalSection(SolutionConfigurationPlatforms) = preSolution
		Debug|Any CPU = Debug|Any CPU
		Release|Any CPU = Release|Any CPU
	EndGlobalSection
	GlobalSection(ProjectConfigurationPlatforms) = postSolution
		{BED573BE-AA5F-4FA0-BEE3-DC3AA9F11C77}.Debug|Any CPU.ActiveCfg = Debug|Any CPU
		{BED573BE-AA5F-4FA0-BEE3-DC3AA9F11C77}.Debug|Any CPU.Build.0 = Debug|Any CPU
		{BED573BE-AA5F-4FA0-BEE3-DC3AA9F11C77}.Release|Any CPU.ActiveCfg = Release|Any CPU
		{BED573BE-AA5F-4FA0-BEE3-DC3AA9F11C77}.Release|Any CPU.Build.0 = Release|Any CPU
	EndGlobalSection
	GlobalSection(SolutionProperties) = preSolution
		HideSolutionNode = FALSE
	EndGlobalSection
	GlobalSection(ExtensibilityGlobals) = postSolution
		SolutionGuid = {DB6397BB-E722-4983-8F4C-75B2EF4D4782}
	EndGlobalSection
EndGlobal
