
Microsoft Visual Studio Solution File, Format Version 12.00
# Visual Studio Version 17
VisualStudioVersion = 17.1.32228.430
MinimumVisualStudioVersion = 10.0.40219.1
Project("{FAE04EC0-301F-11D3-BF4B-00C04F79EFBC}") = "32_1_den_n_e_kadar_olan_sayilar_for", "32_1_den_n_e_kadar_olan_sayilar_for\32_1_den_n_e_kadar_olan_sayilar_for.csproj", "{95184120-FC81-4C16-8636-2D6CE0120259}"
EndProject
Global
	GlobalSection(SolutionConfigurationPlatforms) = preSolution
		Debug|Any CPU = Debug|Any CPU
		Release|Any CPU = Release|Any CPU
	EndGlobalSection
	GlobalSection(ProjectConfigurationPlatforms) = postSolution
		{95184120-FC81-4C16-8636-2D6CE0120259}.Debug|Any CPU.ActiveCfg = Debug|Any CPU
		{95184120-FC81-4C16-8636-2D6CE0120259}.Debug|Any CPU.Build.0 = Debug|Any CPU
		{95184120-FC81-4C16-8636-2D6CE0120259}.Release|Any CPU.ActiveCfg = Release|Any CPU
		{95184120-FC81-4C16-8636-2D6CE0120259}.Release|Any CPU.Build.0 = Release|Any CPU
	EndGlobalSection
	GlobalSection(SolutionProperties) = preSolution
		HideSolutionNode = FALSE
	EndGlobalSection
	GlobalSection(ExtensibilityGlobals) = postSolution
		SolutionGuid = {326228BC-22C5-4C3E-BCD1-B2990B244CB1}
	EndGlobalSection
EndGlobal
