
Microsoft Visual Studio Solution File, Format Version 12.00
# Visual Studio Version 17
VisualStudioVersion = 17.0.32112.339
MinimumVisualStudioVersion = 10.0.40219.1
Project("{FAE04EC0-301F-11D3-BF4B-00C04F79EFBC}") = "hatali_tur_donusumleri", "hatali_tur_donusumleri\hatali_tur_donusumleri.csproj", "{BBF54884-CD31-4E3E-A25F-A8A6001110BC}"
EndProject
Global
	GlobalSection(SolutionConfigurationPlatforms) = preSolution
		Debug|Any CPU = Debug|Any CPU
		Release|Any CPU = Release|Any CPU
	EndGlobalSection
	GlobalSection(ProjectConfigurationPlatforms) = postSolution
		{BBF54884-CD31-4E3E-A25F-A8A6001110BC}.Debug|Any CPU.ActiveCfg = Debug|Any CPU
		{BBF54884-CD31-4E3E-A25F-A8A6001110BC}.Debug|Any CPU.Build.0 = Debug|Any CPU
		{BBF54884-CD31-4E3E-A25F-A8A6001110BC}.Release|Any CPU.ActiveCfg = Release|Any CPU
		{BBF54884-CD31-4E3E-A25F-A8A6001110BC}.Release|Any CPU.Build.0 = Release|Any CPU
	EndGlobalSection
	GlobalSection(SolutionProperties) = preSolution
		HideSolutionNode = FALSE
	EndGlobalSection
	GlobalSection(ExtensibilityGlobals) = postSolution
		SolutionGuid = {488A1AFA-2B6E-4DDE-9B34-EBE4A62603C1}
	EndGlobalSection
EndGlobal
