
Microsoft Visual Studio Solution File, Format Version 12.00
# Visual Studio Version 17
VisualStudioVersion = 17.0.32112.339
MinimumVisualStudioVersion = 10.0.40219.1
Project("{FAE04EC0-301F-11D3-BF4B-00C04F79EFBC}") = "kalan_operatörü", "kalan_operatörü\kalan_operatörü.csproj", "{E86B8C1C-971E-473F-A179-3E31D8D2B486}"
EndProject
Global
	GlobalSection(SolutionConfigurationPlatforms) = preSolution
		Debug|Any CPU = Debug|Any CPU
		Release|Any CPU = Release|Any CPU
	EndGlobalSection
	GlobalSection(ProjectConfigurationPlatforms) = postSolution
		{E86B8C1C-971E-473F-A179-3E31D8D2B486}.Debug|Any CPU.ActiveCfg = Debug|Any CPU
		{E86B8C1C-971E-473F-A179-3E31D8D2B486}.Debug|Any CPU.Build.0 = Debug|Any CPU
		{E86B8C1C-971E-473F-A179-3E31D8D2B486}.Release|Any CPU.ActiveCfg = Release|Any CPU
		{E86B8C1C-971E-473F-A179-3E31D8D2B486}.Release|Any CPU.Build.0 = Release|Any CPU
	EndGlobalSection
	GlobalSection(SolutionProperties) = preSolution
		HideSolutionNode = FALSE
	EndGlobalSection
	GlobalSection(ExtensibilityGlobals) = postSolution
		SolutionGuid = {AFBA67BC-69B6-4E84-BAA4-E43D10D21902}
	EndGlobalSection
EndGlobal
