
Microsoft Visual Studio Solution File, Format Version 12.00
# Visual Studio Version 17
VisualStudioVersion = 17.0.32112.339
MinimumVisualStudioVersion = 10.0.40219.1
Project("{FAE04EC0-301F-11D3-BF4B-00C04F79EFBC}") = "switch_deyimi1", "switch_deyimi1\switch_deyimi1.csproj", "{E65864C8-E99D-44C8-B925-FA4BE8E12224}"
EndProject
Global
	GlobalSection(SolutionConfigurationPlatforms) = preSolution
		Debug|Any CPU = Debug|Any CPU
		Release|Any CPU = Release|Any CPU
	EndGlobalSection
	GlobalSection(ProjectConfigurationPlatforms) = postSolution
		{E65864C8-E99D-44C8-B925-FA4BE8E12224}.Debug|Any CPU.ActiveCfg = Debug|Any CPU
		{E65864C8-E99D-44C8-B925-FA4BE8E12224}.Debug|Any CPU.Build.0 = Debug|Any CPU
		{E65864C8-E99D-44C8-B925-FA4BE8E12224}.Release|Any CPU.ActiveCfg = Release|Any CPU
		{E65864C8-E99D-44C8-B925-FA4BE8E12224}.Release|Any CPU.Build.0 = Release|Any CPU
	EndGlobalSection
	GlobalSection(SolutionProperties) = preSolution
		HideSolutionNode = FALSE
	EndGlobalSection
	GlobalSection(ExtensibilityGlobals) = postSolution
		SolutionGuid = {0D868442-7FEB-4644-B6C3-3F7B6B111308}
	EndGlobalSection
EndGlobal
