
Microsoft Visual Studio Solution File, Format Version 12.00
# Visual Studio Version 17
VisualStudioVersion = 17.0.32112.339
MinimumVisualStudioVersion = 10.0.40219.1
Project("{FAE04EC0-301F-11D3-BF4B-00C04F79EFBC}") = "bitsel_ve_operatoru", "bitsel_ve_operatoru\bitsel_ve_operatoru.csproj", "{B2166CB2-C1D5-47DC-AB54-A57705A3E4C3}"
EndProject
Global
	GlobalSection(SolutionConfigurationPlatforms) = preSolution
		Debug|Any CPU = Debug|Any CPU
		Release|Any CPU = Release|Any CPU
	EndGlobalSection
	GlobalSection(ProjectConfigurationPlatforms) = postSolution
		{B2166CB2-C1D5-47DC-AB54-A57705A3E4C3}.Debug|Any CPU.ActiveCfg = Debug|Any CPU
		{B2166CB2-C1D5-47DC-AB54-A57705A3E4C3}.Debug|Any CPU.Build.0 = Debug|Any CPU
		{B2166CB2-C1D5-47DC-AB54-A57705A3E4C3}.Release|Any CPU.ActiveCfg = Release|Any CPU
		{B2166CB2-C1D5-47DC-AB54-A57705A3E4C3}.Release|Any CPU.Build.0 = Release|Any CPU
	EndGlobalSection
	GlobalSection(SolutionProperties) = preSolution
		HideSolutionNode = FALSE
	EndGlobalSection
	GlobalSection(ExtensibilityGlobals) = postSolution
		SolutionGuid = {0F53E2DD-1140-4FFD-A479-D291E5B924C9}
	EndGlobalSection
EndGlobal
