
Microsoft Visual Studio Solution File, Format Version 12.00
# Visual Studio Version 17
VisualStudioVersion = 17.1.32228.430
MinimumVisualStudioVersion = 10.0.40219.1
Project("{FAE04EC0-301F-11D3-BF4B-00C04F79EFBC}") = "17_string_ifade_karakterlerini_artarak_yazdirmak", "17_string_ifade_karakterlerini_artarak_yazdirmak\17_string_ifade_karakterlerini_artarak_yazdirmak.csproj", "{4726BBC8-E7C1-4232-BA34-A196F5EF1BCC}"
EndProject
Global
	GlobalSection(SolutionConfigurationPlatforms) = preSolution
		Debug|Any CPU = Debug|Any CPU
		Release|Any CPU = Release|Any CPU
	EndGlobalSection
	GlobalSection(ProjectConfigurationPlatforms) = postSolution
		{4726BBC8-E7C1-4232-BA34-A196F5EF1BCC}.Debug|Any CPU.ActiveCfg = Debug|Any CPU
		{4726BBC8-E7C1-4232-BA34-A196F5EF1BCC}.Debug|Any CPU.Build.0 = Debug|Any CPU
		{4726BBC8-E7C1-4232-BA34-A196F5EF1BCC}.Release|Any CPU.ActiveCfg = Release|Any CPU
		{4726BBC8-E7C1-4232-BA34-A196F5EF1BCC}.Release|Any CPU.Build.0 = Release|Any CPU
	EndGlobalSection
	GlobalSection(SolutionProperties) = preSolution
		HideSolutionNode = FALSE
	EndGlobalSection
	GlobalSection(ExtensibilityGlobals) = postSolution
		SolutionGuid = {F27D33A5-966D-4B48-8312-F0BFBD2CC259}
	EndGlobalSection
EndGlobal
