
Microsoft Visual Studio Solution File, Format Version 12.00
# Visual Studio Version 17
VisualStudioVersion = 17.0.32112.339
MinimumVisualStudioVersion = 10.0.40219.1
Project("{FAE04EC0-301F-11D3-BF4B-00C04F79EFBC}") = "ternary_operatoru", "ternary_operatoru\ternary_operatoru.csproj", "{D02218CB-E912-41D9-8372-8D24BA5A1754}"
EndProject
Global
	GlobalSection(SolutionConfigurationPlatforms) = preSolution
		Debug|Any CPU = Debug|Any CPU
		Release|Any CPU = Release|Any CPU
	EndGlobalSection
	GlobalSection(ProjectConfigurationPlatforms) = postSolution
		{D02218CB-E912-41D9-8372-8D24BA5A1754}.Debug|Any CPU.ActiveCfg = Debug|Any CPU
		{D02218CB-E912-41D9-8372-8D24BA5A1754}.Debug|Any CPU.Build.0 = Debug|Any CPU
		{D02218CB-E912-41D9-8372-8D24BA5A1754}.Release|Any CPU.ActiveCfg = Release|Any CPU
		{D02218CB-E912-41D9-8372-8D24BA5A1754}.Release|Any CPU.Build.0 = Release|Any CPU
	EndGlobalSection
	GlobalSection(SolutionProperties) = preSolution
		HideSolutionNode = FALSE
	EndGlobalSection
	GlobalSection(ExtensibilityGlobals) = postSolution
		SolutionGuid = {F16832F5-3BED-433C-A9D1-2B8AA44EAEA0}
	EndGlobalSection
EndGlobal
