
Microsoft Visual Studio Solution File, Format Version 12.00
# Visual Studio Version 17
VisualStudioVersion = 17.0.32112.339
MinimumVisualStudioVersion = 10.0.40219.1
Project("{FAE04EC0-301F-11D3-BF4B-00C04F79EFBC}") = "variable", "variable\variable.csproj", "{1C1C3164-FFFE-4285-83D9-FC16FB834113}"
EndProject
Global
	GlobalSection(SolutionConfigurationPlatforms) = preSolution
		Debug|Any CPU = Debug|Any CPU
		Release|Any CPU = Release|Any CPU
	EndGlobalSection
	GlobalSection(ProjectConfigurationPlatforms) = postSolution
		{1C1C3164-FFFE-4285-83D9-FC16FB834113}.Debug|Any CPU.ActiveCfg = Debug|Any CPU
		{1C1C3164-FFFE-4285-83D9-FC16FB834113}.Debug|Any CPU.Build.0 = Debug|Any CPU
		{1C1C3164-FFFE-4285-83D9-FC16FB834113}.Release|Any CPU.ActiveCfg = Release|Any CPU
		{1C1C3164-FFFE-4285-83D9-FC16FB834113}.Release|Any CPU.Build.0 = Release|Any CPU
	EndGlobalSection
	GlobalSection(SolutionProperties) = preSolution
		HideSolutionNode = FALSE
	EndGlobalSection
	GlobalSection(ExtensibilityGlobals) = postSolution
		SolutionGuid = {3D3492FD-BD80-4C6D-828E-766293E53961}
	EndGlobalSection
EndGlobal
