
Microsoft Visual Studio Solution File, Format Version 12.00
# Visual Studio Version 17
VisualStudioVersion = 17.1.32228.430
MinimumVisualStudioVersion = 10.0.40219.1
Project("{FAE04EC0-301F-11D3-BF4B-00C04F79EFBC}") = "18_1den_n_degerine_kadar_yazdirma", "18_1den_n_degerine_kadar_yazdirma\18_1den_n_degerine_kadar_yazdirma.csproj", "{CEFE270B-D22A-441E-B7CC-F8276A6C159F}"
EndProject
Global
	GlobalSection(SolutionConfigurationPlatforms) = preSolution
		Debug|Any CPU = Debug|Any CPU
		Release|Any CPU = Release|Any CPU
	EndGlobalSection
	GlobalSection(ProjectConfigurationPlatforms) = postSolution
		{CEFE270B-D22A-441E-B7CC-F8276A6C159F}.Debug|Any CPU.ActiveCfg = Debug|Any CPU
		{CEFE270B-D22A-441E-B7CC-F8276A6C159F}.Debug|Any CPU.Build.0 = Debug|Any CPU
		{CEFE270B-D22A-441E-B7CC-F8276A6C159F}.Release|Any CPU.ActiveCfg = Release|Any CPU
		{CEFE270B-D22A-441E-B7CC-F8276A6C159F}.Release|Any CPU.Build.0 = Release|Any CPU
	EndGlobalSection
	GlobalSection(SolutionProperties) = preSolution
		HideSolutionNode = FALSE
	EndGlobalSection
	GlobalSection(ExtensibilityGlobals) = postSolution
		SolutionGuid = {51AFECB3-441F-4D04-8770-894EDB560EE2}
	EndGlobalSection
EndGlobal
