
Microsoft Visual Studio Solution File, Format Version 12.00
# Visual Studio Version 17
VisualStudioVersion = 17.1.32228.430
MinimumVisualStudioVersion = 10.0.40219.1
Project("{FAE04EC0-301F-11D3-BF4B-00C04F79EFBC}") = "4_dizi_random_deger_grafik_olusturma", "4_dizi_random_deger_grafik_olusturma\4_dizi_random_deger_grafik_olusturma.csproj", "{893767DE-7A7A-4C7A-A117-2B9DD16A98B7}"
EndProject
Global
	GlobalSection(SolutionConfigurationPlatforms) = preSolution
		Debug|Any CPU = Debug|Any CPU
		Release|Any CPU = Release|Any CPU
	EndGlobalSection
	GlobalSection(ProjectConfigurationPlatforms) = postSolution
		{893767DE-7A7A-4C7A-A117-2B9DD16A98B7}.Debug|Any CPU.ActiveCfg = Debug|Any CPU
		{893767DE-7A7A-4C7A-A117-2B9DD16A98B7}.Debug|Any CPU.Build.0 = Debug|Any CPU
		{893767DE-7A7A-4C7A-A117-2B9DD16A98B7}.Release|Any CPU.ActiveCfg = Release|Any CPU
		{893767DE-7A7A-4C7A-A117-2B9DD16A98B7}.Release|Any CPU.Build.0 = Release|Any CPU
	EndGlobalSection
	GlobalSection(SolutionProperties) = preSolution
		HideSolutionNode = FALSE
	EndGlobalSection
	GlobalSection(ExtensibilityGlobals) = postSolution
		SolutionGuid = {15BDC3AB-D0A3-4DD2-94EF-9B25409831D2}
	EndGlobalSection
EndGlobal
