
Microsoft Visual Studio Solution File, Format Version 12.00
# Visual Studio Version 17
VisualStudioVersion = 17.1.32228.430
MinimumVisualStudioVersion = 10.0.40219.1
Project("{FAE04EC0-301F-11D3-BF4B-00C04F79EFBC}") = "byte_turu_sinir_asimi", "byte_turu_sinir_asimi\byte_turu_sinir_asimi.csproj", "{5BAE7D7D-2468-4CCF-9924-01ADABD7E87B}"
EndProject
Global
	GlobalSection(SolutionConfigurationPlatforms) = preSolution
		Debug|Any CPU = Debug|Any CPU
		Release|Any CPU = Release|Any CPU
	EndGlobalSection
	GlobalSection(ProjectConfigurationPlatforms) = postSolution
		{5BAE7D7D-2468-4CCF-9924-01ADABD7E87B}.Debug|Any CPU.ActiveCfg = Debug|Any CPU
		{5BAE7D7D-2468-4CCF-9924-01ADABD7E87B}.Debug|Any CPU.Build.0 = Debug|Any CPU
		{5BAE7D7D-2468-4CCF-9924-01ADABD7E87B}.Release|Any CPU.ActiveCfg = Release|Any CPU
		{5BAE7D7D-2468-4CCF-9924-01ADABD7E87B}.Release|Any CPU.Build.0 = Release|Any CPU
	EndGlobalSection
	GlobalSection(SolutionProperties) = preSolution
		HideSolutionNode = FALSE
	EndGlobalSection
	GlobalSection(ExtensibilityGlobals) = postSolution
		SolutionGuid = {44370343-8B39-499E-AE61-7EAC1FD8201D}
	EndGlobalSection
EndGlobal
